// !$*UTF8*$!
{
	archiveVersion = 1;
	classes = {
	};
	objectVersion = 46;
	objects = {

/* Begin PBXBuildFile section */
		A93391A51A3F5ED500919DA3 /* AppDelegate.swift in Sources */ = {isa = PBXBuildFile; fileRef = A93391A41A3F5ED500919DA3 /* AppDelegate.swift */; };
		A93391A71A3F5ED500919DA3 /* ViewController.swift in Sources */ = {isa = PBXBuildFile; fileRef = A93391A61A3F5ED500919DA3 /* ViewController.swift */; };
		A93391AA1A3F5ED500919DA3 /* Main.storyboard in Resources */ = {isa = PBXBuildFile; fileRef = A93391A81A3F5ED500919DA3 /* Main.storyboard */; };
		A93391AC1A3F5ED500919DA3 /* Images.xcassets in Resources */ = {isa = PBXBuildFile; fileRef = A93391AB1A3F5ED500919DA3 /* Images.xcassets */; };
		A93391AF1A3F5ED500919DA3 /* LaunchScreen.xib in Resources */ = {isa = PBXBuildFile; fileRef = A93391AD1A3F5ED500919DA3 /* LaunchScreen.xib */; };
		A93391BB1A3F5ED500919DA3 /* sendMessageTests.swift in Sources */ = {isa = PBXBuildFile; fileRef = A93391BA1A3F5ED500919DA3 /* sendMessageTests.swift */; };
/* End PBXBuildFile section */

/* Begin PBXContainerItemProxy section */
		A93391B51A3F5ED500919DA3 /* PBXContainerItemProxy */ = {
			isa = PBXContainerItemProxy;
			containerPortal = A93391971A3F5ED400919DA3 /* Project object */;
			proxyType = 1;
			remoteGlobalIDString = A933919E1A3F5ED400919DA3;
			remoteInfo = sendMessage;
		};
/* End PBXContainerItemProxy section */

/* Begin PBXFileReference section */
		A933919F1A3F5ED400919DA3 /* sendMessage.app */ = {isa = PBXFileReference; explicitFileType = wrapper.application; includeInIndex = 0; path = sendMessage.app; sourceTree = BUILT_PRODUCTS_DIR; };
		A93391A31A3F5ED500919DA3 /* Info.plist */ = {isa = PBXFileReference; lastKnownFileType = text.plist.xml; path = Info.plist; sourceTree = "<group>"; };
		A93391A41A3F5ED500919DA3 /* AppDelegate.swift */ = {isa = PBXFileReference; lastKnownFileType = sourcecode.swift; path = AppDelegate.swift; sourceTree = "<group>"; };
		A93391A61A3F5ED500919DA3 /* ViewController.swift */ = {isa = PBXFileReference; lastKnownFileType = sourcecode.swift; path = ViewController.swift; sourceTree = "<group>"; };
		A93391A91A3F5ED500919DA3 /* Base */ = {isa = PBXFileReference; lastKnownFileType = file.storyboard; name = Base; path = Base.lproj/Main.storyboard; sourceTree = "<group>"; };
		A93391AB1A3F5ED500919DA3 /* Images.xcassets */ = {isa = PBXFileReference; lastKnownFileType = folder.assetcatalog; path = Images.xcassets; sourceTree = "<group>"; };
		A93391AE1A3F5ED500919DA3 /* Base */ = {isa = PBXFileReference; lastKnownFileType = file.xib; name = Base; path = Base.lproj/LaunchScreen.xib; sourceTree = "<group>"; };
		A93391B41A3F5ED500919DA3 /* sendMessageTests.xctest */ = {isa = PBXFileReference; explicitFileType = wrapper.cfbundle; includeInIndex = 0; path = sendMessageTests.xctest; sourceTree = BUILT_PRODUCTS_DIR; };
		A93391B91A3F5ED500919DA3 /* Info.plist */ = {isa = PBXFileReference; lastKnownFileType = text.plist.xml; path = Info.plist; sourceTree = "<group>"; };
		A93391BA1A3F5ED500919DA3 /* sendMessageTests.swift */ = {isa = PBXFileReference; lastKnownFileType = sourcecode.swift; path = sendMessageTests.swift; sourceTree = "<group>"; };
/* End PBXFileReference section */

/* Begin PBXFrameworksBuildPhase section */
		A933919C1A3F5ED400919DA3 /* Frameworks */ = {
			isa = PBXFrameworksBuildPhase;
			buildActionMask = 2147483647;
			files = (
			);
			runOnlyForDeploymentPostprocessing = 0;
		};
		A93391B11A3F5ED500919DA3 /* Frameworks */ = {
			isa = PBXFrameworksBuildPhase;
			buildActionMask = 2147483647;
			files = (
			);
			runOnlyForDeploymentPostprocessing = 0;
		};
/* End PBXFrameworksBuildPhase section */

/* Begin PBXGroup section */
		A93391961A3F5ED400919DA3 = {
			isa = PBXGroup;
			children = (
				A93391A11A3F5ED400919DA3 /* sendMessage */,
				A93391B71A3F5ED500919DA3 /* sendMessageTests */,
				A93391A01A3F5ED400919DA3 /* Products */,
			);
			sourceTree = "<group>";
		};
		A93391A01A3F5ED400919DA3 /* Products */ = {
			isa = PBXGroup;
			children = (
				A933919F1A3F5ED400919DA3 /* sendMessage.app */,
				A93391B41A3F5ED500919DA3 /* sendMessageTests.xctest */,
			);
			name = Products;
			sourceTree = "<group>";
		};
		A93391A11A3F5ED400919DA3 /* sendMessage */ = {
			isa = PBXGroup;
			children = (
				A93391A41A3F5ED500919DA3 /* AppDelegate.swift */,
				A93391A61A3F5ED500919DA3 /* ViewController.swift */,
				A93391A81A3F5ED500919DA3 /* Main.storyboard */,
				A93391AB1A3F5ED500919DA3 /* Images.xcassets */,
				A93391AD1A3F5ED500919DA3 /* LaunchScreen.xib */,
				A93391A21A3F5ED500919DA3 /* Supporting Files */,
			);
			path = sendMessage;
			sourceTree = "<group>";
		};
		A93391A21A3F5ED500919DA3 /* Supporting Files */ = {
			isa = PBXGroup;
			children = (
				A93391A31A3F5ED500919DA3 /* Info.plist */,
			);
			name = "Supporting Files";
			sourceTree = "<group>";
		};
		A93391B71A3F5ED500919DA3 /* sendMessageTests */ = {
			isa = PBXGroup;
			children = (
				A93391BA1A3F5ED500919DA3 /* sendMessageTests.swift */,
				A93391B81A3F5ED500919DA3 /* Supporting Files */,
			);
			path = sendMessageTests;
			sourceTree = "<group>";
		};
		A93391B81A3F5ED500919DA3 /* Supporting Files */ = {
			isa = PBXGroup;
			children = (
				A93391B91A3F5ED500919DA3 /* Info.plist */,
			);
			name = "Supporting Files";
			sourceTree = "<group>";
		};
/* End PBXGroup section */

/* Begin PBXNativeTarget section */
		A933919E1A3F5ED400919DA3 /* sendMessage */ = {
			isa = PBXNativeTarget;
			buildConfigurationList = A93391BE1A3F5ED500919DA3 /* Build configuration list for PBXNativeTarget "sendMessage" */;
			buildPhases = (
				A933919B1A3F5ED400919DA3 /* Sources */,
				A933919C1A3F5ED400919DA3 /* Frameworks */,
				A933919D1A3F5ED400919DA3 /* Resources */,
			);
			buildRules = (
			);
			dependencies = (
			);
			name = sendMessage;
			productName = sendMessage;
			productReference = A933919F1A3F5ED400919DA3 /* sendMessage.app */;
			productType = "com.apple.product-type.application";
		};
		A93391B31A3F5ED500919DA3 /* sendMessageTests */ = {
			isa = PBXNativeTarget;
			buildConfigurationList = A93391C11A3F5ED500919DA3 /* Build configuration list for PBXNativeTarget "sendMessageTests" */;
			buildPhases = (
				A93391B01A3F5ED500919DA3 /* Sources */,
				A93391B11A3F5ED500919DA3 /* Frameworks */,
				A93391B21A3F5ED500919DA3 /* Resources */,
			);
			buildRules = (
			);
			dependencies = (
				A93391B61A3F5ED500919DA3 /* PBXTargetDependency */,
			);
			name = sendMessageTests;
			productName = sendMessageTests;
			productReference = A93391B41A3F5ED500919DA3 /* sendMessageTests.xctest */;
			productType = "com.apple.product-type.bundle.unit-test";
		};
/* End PBXNativeTarget section */

/* Begin PBXProject section */
		A93391971A3F5ED400919DA3 /* Project object */ = {
			isa = PBXProject;
			attributes = {
				LastUpgradeCheck = 0610;
				ORGANIZATIONNAME = Alphaweb;
				TargetAttributes = {
					A933919E1A3F5ED400919DA3 = {
						CreatedOnToolsVersion = 6.1.1;
					};
					A93391B31A3F5ED500919DA3 = {
						CreatedOnToolsVersion = 6.1.1;
						TestTargetID = A933919E1A3F5ED400919DA3;
					};
				};
			};
			buildConfigurationList = A933919A1A3F5ED400919DA3 /* Build configuration list for PBXProject "sendMessage" */;
			compatibilityVersion = "Xcode 3.2";
			developmentRegion = English;
			hasScannedForEncodings = 0;
			knownRegions = (
				en,
				Base,
			);
			mainGroup = A93391961A3F5ED400919DA3;
			productRefGroup = A93391A01A3F5ED400919DA3 /* Products */;
			projectDirPath = "";
			projectRoot = "";
			targets = (
				A933919E1A3F5ED400919DA3 /* sendMessage */,
				A93391B31A3F5ED500919DA3 /* sendMessageTests */,
			);
		};
/* End PBXProject section */

/* Begin PBXResourcesBuildPhase section */
		A933919D1A3F5ED400919DA3 /* Resources */ = {
			isa = PBXResourcesBuildPhase;
			buildActionMask = 2147483647;
			files = (
				A93391AA1A3F5ED500919DA3 /* Main.storyboard in Resources */,
				A93391AF1A3F5ED500919DA3 /* LaunchScreen.xib in Resources */,
				A93391AC1A3F5ED500919DA3 /* Images.xcassets in Resources */,
			);
			runOnlyForDeploymentPostprocessing = 0;
		};
		A93391B21A3F5ED500919DA3 /* Resources */ = {
			isa = PBXResourcesBuildPhase;
			buildActionMask = 2147483647;
			files = (
			);
			runOnlyForDeploymentPostprocessing = 0;
		};
/* End PBXResourcesBuildPhase section */

/* Begin PBXSourcesBuildPhase section */
		A933919B1A3F5ED400919DA3 /* Sources */ = {
			isa = PBXSourcesBuildPhase;
			buildActionMask = 2147483647;
			files = (
				A93391A71A3F5ED500919DA3 /* ViewController.swift in Sources */,
				A93391A51A3F5ED500919DA3 /* AppDelegate.swift in Sources */,
			);
			runOnlyForDeploymentPostprocessing = 0;
		};
		A93391B01A3F5ED500919DA3 /* Sources */ = {
			isa = PBXSourcesBuildPhase;
			buildActionMask = 2147483647;
			files = (
				A93391BB1A3F5ED500919DA3 /* sendMessageTests.swift in Sources */,
			);
			runOnlyForDeploymentPostprocessing = 0;
		};
/* End PBXSourcesBuildPhase section */

/* Begin PBXTargetDependency section */
		A93391B61A3F5ED500919DA3 /* PBXTargetDependency */ = {
			isa = PBXTargetDependency;
			target = A933919E1A3F5ED400919DA3 /* sendMessage */;
			targetProxy = A93391B51A3F5ED500919DA3 /* PBXContainerItemProxy */;
		};
/* End PBXTargetDependency section */

/* Begin PBXVariantGroup section */
		A93391A81A3F5ED500919DA3 /* Main.storyboard */ = {
			isa = PBXVariantGroup;
			children = (
				A93391A91A3F5ED500919DA3 /* Base */,
			);
			name = Main.storyboard;
			sourceTree = "<group>";
		};
		A93391AD1A3F5ED500919DA3 /* LaunchScreen.xib */ = {
			isa = PBXVariantGroup;
			children = (
				A93391AE1A3F5ED500919DA3 /* Base */,
			);
			name = LaunchScreen.xib;
			sourceTree = "<group>";
		};
/* End PBXVariantGroup section */

/* Begin XCBuildConfiguration section */
		A93391BC1A3F5ED500919DA3 /* Debug */ = {
			isa = XCBuildConfiguration;
			buildSettings = {
				ALWAYS_SEARCH_USER_PATHS = NO;
				CLANG_CXX_LANGUAGE_STANDARD = "gnu++0x";
				CLANG_CXX_LIBRARY = "libc++";
				CLANG_ENABLE_MODULES = YES;
				CLANG_ENABLE_OBJC_ARC = YES;
				CLANG_WARN_BOOL_CONVERSION = YES;
				CLANG_WARN_CONSTANT_CONVERSION = YES;
				CLANG_WARN_DIRECT_OBJC_ISA_USAGE = YES_ERROR;
				CLANG_WARN_EMPTY_BODY = YES;
				CLANG_WARN_ENUM_CONVERSION = YES;
				CLANG_WARN_INT_CONVERSION = YES;
				CLANG_WARN_OBJC_ROOT_CLASS = YES_ERROR;
				CLANG_WARN_UNREACHABLE_CODE = YES;
				CLANG_WARN__DUPLICATE_METHOD_MATCH = YES;
				"CODE_SIGN_IDENTITY[sdk=iphoneos*]" = "iPhone Developer";
				COPY_PHASE_STRIP = NO;
				ENABLE_STRICT_OBJC_MSGSEND = YES;
				GCC_C_LANGUAGE_STANDARD = gnu99;
				GCC_DYNAMIC_NO_PIC = NO;
				GCC_OPTIMIZATION_LEVEL = 0;
				GCC_PREPROCESSOR_DEFINITIONS = (
					"DEBUG=1",
					"$(inherited)",
				);
				GCC_SYMBOLS_PRIVATE_EXTERN = NO;
				GCC_WARN_64_TO_32_BIT_CONVERSION = YES;
				GCC_WARN_ABOUT_RETURN_TYPE = YES_ERROR;
				GCC_WARN_UNDECLARED_SELECTOR = YES;
				GCC_WARN_UNINITIALIZED_AUTOS = YES_AGGRESSIVE;
				GCC_WARN_UNUSED_FUNCTION = YES;
				GCC_WARN_UNUSED_VARIABLE = YES;
				IPHONEOS_DEPLOYMENT_TARGET = 8.1;
				MTL_ENABLE_DEBUG_INFO = YES;
				ONLY_ACTIVE_ARCH = YES;
				SDKROOT = iphoneos;
				SWIFT_OPTIMIZATION_LEVEL = "-Onone";
				TARGETED_DEVICE_FAMILY = "1,2";
			};
			name = Debug;
		};
		A93391BD1A3F5ED500919DA3 /* Release */ = {
			isa = XCBuildConfiguration;
			buildSettings = {
				ALWAYS_SEARCH_USER_PATHS = NO;
				CLANG_CXX_LANGUAGE_STANDARD = "gnu++0x";
				CLANG_CXX_LIBRARY = "libc++";
				CLANG_ENABLE_MODULES = YES;
				CLANG_ENABLE_OBJC_ARC = YES;
				CLANG_WARN_BOOL_CONVERSION = YES;
				CLANG_WARN_CONSTANT_CONVERSION = YES;
				CLANG_WARN_DIRECT_OBJC_ISA_USAGE = YES_ERROR;
				CLANG_WARN_EMPTY_BODY = YES;
				CLANG_WARN_ENUM_CONVERSION = YES;
				CLANG_WARN_INT_CONVERSION = YES;
				CLANG_WARN_OBJC_ROOT_CLASS = YES_ERROR;
				CLANG_WARN_UNREACHABLE_CODE = YES;
				CLANG_WARN__DUPLICATE_METHOD_MATCH = YES;
				"CODE_SIGN_IDENTITY[sdk=iphoneos*]" = "iPhone Developer";
				COPY_PHASE_STRIP = YES;
				ENABLE_NS_ASSERTIONS = NO;
				ENABLE_STRICT_OBJC_MSGSEND = YES;
				GCC_C_LANGUAGE_STANDARD = gnu99;
				GCC_WARN_64_TO_32_BIT_CONVERSION = YES;
				GCC_WARN_ABOUT_RETURN_TYPE = YES_ERROR;
				GCC_WARN_UNDECLARED_SELECTOR = YES;
				GCC_WARN_UNINITIALIZED_AUTOS = YES_AGGRESSIVE;
				GCC_WARN_UNUSED_FUNCTION = YES;
				GCC_WARN_UNUSED_VARIABLE = YES;
				IPHONEOS_DEPLOYMENT_TARGET = 8.1;
				MTL_ENABLE_DEBUG_INFO = NO;
				SDKROOT = iphoneos;
				TARGETED_DEVICE_FAMILY = "1,2";
				VALIDATE_PRODUCT = YES;
			};
			name = Release;
		};
		A93391BF1A3F5ED500919DA3 /* Debug */ = {
			isa = XCBuildConfiguration;
			buildSettings = {
				ASSETCATALOG_COMPILER_APPICON_NAME = AppIcon;
				INFOPLIST_FILE = sendMessage/Info.plist;
				LD_RUNPATH_SEARCH_PATHS = "$(inherited) @executable_path/Frameworks";
				PRODUCT_NAME = "$(TARGET_NAME)";
			};
			name = Debug;
		};
		A93391C01A3F5ED500919DA3 /* Release */ = {
			isa = XCBuildConfiguration;
			buildSettings = {
				ASSETCATALOG_COMPILER_APPICON_NAME = AppIcon;
				INFOPLIST_FILE = sendMessage/Info.plist;
				LD_RUNPATH_SEARCH_PATHS = "$(inherited) @executable_path/Frameworks";
				PRODUCT_NAME = "$(TARGET_NAME)";
			};
			name = Release;
		};
		A93391C21A3F5ED500919DA3 /* Debug */ = {
			isa = XCBuildConfiguration;
			buildSettings = {
				BUNDLE_LOADER = "$(TEST_HOST)";
				FRAMEWORK_SEARCH_PATHS = (
					"$(SDKROOT)/Developer/Library/Frameworks",
					"$(inherited)",
				);
				GCC_PREPROCESSOR_DEFINITIONS = (
					"DEBUG=1",
					"$(inherited)",
				);
				INFOPLIST_FILE = sendMessageTests/Info.plist;
				LD_RUNPATH_SEARCH_PATHS = "$(inherited) @executable_path/Frameworks @loader_path/Frameworks";
				PRODUCT_NAME = "$(TARGET_NAME)";
				TEST_HOST = "$(BUILT_PRODUCTS_DIR)/sendMessage.app/sendMessage";
			};
			name = Debug;
		};
		A93391C31A3F5ED500919DA3 /* Release */ = {
			isa = XCBuildConfiguration;
			buildSettings = {
				BUNDLE_LOADER = "$(TEST_HOST)";
				FRAMEWORK_SEARCH_PATHS = (
					"$(SDKROOT)/Developer/Library/Frameworks",
					"$(inherited)",
				);
				INFOPLIST_FILE = sendMessageTests/Info.plist;
				LD_RUNPATH_SEARCH_PATHS = "$(inherited) @executable_path/Frameworks @loader_path/Frameworks";
				PRODUCT_NAME = "$(TARGET_NAME)";
				TEST_HOST = "$(BUILT_PRODUCTS_DIR)/sendMessage.app/sendMessage";
			};
			name = Release;
		};
/* End XCBuildConfiguration section */

/* Begin XCConfigurationList section */
		A933919A1A3F5ED400919DA3 /* Build configuration list for PBXProject "sendMessage" */ = {
			isa = XCConfigurationList;
			buildConfigurations = (
				A93391BC1A3F5ED500919DA3 /* Debug */,
				A93391BD1A3F5ED500919DA3 /* Release */,
			);
			defaultConfigurationIsVisible = 0;
			defaultConfigurationName = Release;
		};
		A93391BE1A3F5ED500919DA3 /* Build configuration list for PBXNativeTarget "sendMessage" */ = {
			isa = XCConfigurationList;
			buildConfigurations = (
				A93391BF1A3F5ED500919DA3 /* Debug */,
				A93391C01A3F5ED500919DA3 /* Release */,
			);
			defaultConfigurationIsVisible = 0;
		};
		A93391C11A3F5ED500919DA3 /* Build configuration list for PBXNativeTarget "sendMessageTests" */ = {
			isa = XCConfigurationList;
			buildConfigurations = (
				A93391C21A3F5ED500919DA3 /* Debug */,
				A93391C31A3F5ED500919DA3 /* Release */,
			);
			defaultConfigurationIsVisible = 0;
		};
/* End XCConfigurationList section */
	};
	rootObject = A93391971A3F5ED400919DA3 /* Project object */;
}
